
Microsoft Visual Studio Solution File, Format Version 12.00
# Visual Studio Version 17
VisualStudioVersion = 17.1.32210.238
MinimumVisualStudioVersion = 10.0.40219.1
Project("{FAE04EC0-301F-11D3-BF4B-00C04F79EFBC}") = "LAXFilm", "LAXFilm.csproj", "{F51A6B09-0FCB-488A-9CE2-2B6258A16EDA}"
EndProject
Global
	GlobalSection(SolutionConfigurationPlatforms) = preSolution
		Debug|Any CPU = Debug|Any CPU
		Release|Any CPU = Release|Any CPU
	EndGlobalSection
	GlobalSection(ProjectConfigurationPlatforms) = postSolution
		{F51A6B09-0FCB-488A-9CE2-2B6258A16EDA}.Debug|Any CPU.ActiveCfg = Debug|Any CPU
		{F51A6B09-0FCB-488A-9CE2-2B6258A16EDA}.Debug|Any CPU.Build.0 = Debug|Any CPU
		{F51A6B09-0FCB-488A-9CE2-2B6258A16EDA}.Release|Any CPU.ActiveCfg = Release|Any CPU
		{F51A6B09-0FCB-488A-9CE2-2B6258A16EDA}.Release|Any CPU.Build.0 = Release|Any CPU
	EndGlobalSection
	GlobalSection(SolutionProperties) = preSolution
		HideSolutionNode = FALSE
	EndGlobalSection
	GlobalSection(ExtensibilityGlobals) = postSolution
		SolutionGuid = {9F2EF96D-866F-46B0-AD44-F3899796EE95}
	EndGlobalSection
EndGlobal
